// !$*UTF8*$!
{
	archiveVersion = 1;
	classes = {
	};
	objectVersion = 56;
	objects = {

/* Begin PBXBuildFile section */
		3E5ED3E529DBB6C100F01CFE /* SwiftUI_BasicApp.swift in Sources */ = {isa = PBXBuildFile; fileRef = 3E5ED3E429DBB6C100F01CFE /* SwiftUI_BasicApp.swift */; };
		3E5ED3E729DBB6C100F01CFE /* Binding.swift in Sources */ = {isa = PBXBuildFile; fileRef = 3E5ED3E629DBB6C100F01CFE /* Binding.swift */; };
		3E5ED3E929DBB6C200F01CFE /* Assets.xcassets in Resources */ = {isa = PBXBuildFile; fileRef = 3E5ED3E829DBB6C200F01CFE /* Assets.xcassets */; };
		3E5ED3EC29DBB6C200F01CFE /* Preview Assets.xcassets in Resources */ = {isa = PBXBuildFile; fileRef = 3E5ED3EB29DBB6C200F01CFE /* Preview Assets.xcassets */; };
		3E5ED3F329DBB7C200F01CFE /* BindingChild.swift in Sources */ = {isa = PBXBuildFile; fileRef = 3E5ED3F229DBB7C200F01CFE /* BindingChild.swift */; };
		3E5ED3F529DBC34D00F01CFE /* Conditional.swift in Sources */ = {isa = PBXBuildFile; fileRef = 3E5ED3F429DBC34D00F01CFE /* Conditional.swift */; };
		3E5ED3F729DBC82400F01CFE /* TernaryBasic.swift in Sources */ = {isa = PBXBuildFile; fileRef = 3E5ED3F629DBC82400F01CFE /* TernaryBasic.swift */; };
		3E5ED3F929DBF9E500F01CFE /* Animation.swift in Sources */ = {isa = PBXBuildFile; fileRef = 3E5ED3F829DBF9E500F01CFE /* Animation.swift */; };
		3E5ED3FB29DC2E2200F01CFE /* Transition.swift in Sources */ = {isa = PBXBuildFile; fileRef = 3E5ED3FA29DC2E2200F01CFE /* Transition.swift */; };
/* End PBXBuildFile section */

/* Begin PBXFileReference section */
		3E5ED3E129DBB6C100F01CFE /* SwiftUI Basic.app */ = {isa = PBXFileReference; explicitFileType = wrapper.application; includeInIndex = 0; path = "SwiftUI Basic.app"; sourceTree = BUILT_PRODUCTS_DIR; };
		3E5ED3E429DBB6C100F01CFE /* SwiftUI_BasicApp.swift */ = {isa = PBXFileReference; lastKnownFileType = sourcecode.swift; path = SwiftUI_BasicApp.swift; sourceTree = "<group>"; };
		3E5ED3E629DBB6C100F01CFE /* Binding.swift */ = {isa = PBXFileReference; lastKnownFileType = sourcecode.swift; path = Binding.swift; sourceTree = "<group>"; };
		3E5ED3E829DBB6C200F01CFE /* Assets.xcassets */ = {isa = PBXFileReference; lastKnownFileType = folder.assetcatalog; path = Assets.xcassets; sourceTree = "<group>"; };
		3E5ED3EB29DBB6C200F01CFE /* Preview Assets.xcassets */ = {isa = PBXFileReference; lastKnownFileType = folder.assetcatalog; path = "Preview Assets.xcassets"; sourceTree = "<group>"; };
		3E5ED3F229DBB7C200F01CFE /* BindingChild.swift */ = {isa = PBXFileReference; lastKnownFileType = sourcecode.swift; path = BindingChild.swift; sourceTree = "<group>"; };
		3E5ED3F429DBC34D00F01CFE /* Conditional.swift */ = {isa = PBXFileReference; lastKnownFileType = sourcecode.swift; path = Conditional.swift; sourceTree = "<group>"; };
		3E5ED3F629DBC82400F01CFE /* TernaryBasic.swift */ = {isa = PBXFileReference; lastKnownFileType = sourcecode.swift; path = TernaryBasic.swift; sourceTree = "<group>"; };
		3E5ED3F829DBF9E500F01CFE /* Animation.swift */ = {isa = PBXFileReference; lastKnownFileType = sourcecode.swift; path = Animation.swift; sourceTree = "<group>"; };
		3E5ED3FA29DC2E2200F01CFE /* Transition.swift */ = {isa = PBXFileReference; lastKnownFileType = sourcecode.swift; path = Transition.swift; sourceTree = "<group>"; };
/* End PBXFileReference section */

/* Begin PBXFrameworksBuildPhase section */
		3E5ED3DE29DBB6C100F01CFE /* Frameworks */ = {
			isa = PBXFrameworksBuildPhase;
			buildActionMask = 2147483647;
			files = (
			);
			runOnlyForDeploymentPostprocessing = 0;
		};
/* End PBXFrameworksBuildPhase section */

/* Begin PBXGroup section */
		3E5ED3D829DBB6C100F01CFE = {
			isa = PBXGroup;
			children = (
				3E5ED3E329DBB6C100F01CFE /* SwiftUI Basic */,
				3E5ED3E229DBB6C100F01CFE /* Products */,
			);
			sourceTree = "<group>";
		};
		3E5ED3E229DBB6C100F01CFE /* Products */ = {
			isa = PBXGroup;
			children = (
				3E5ED3E129DBB6C100F01CFE /* SwiftUI Basic.app */,
			);
			name = Products;
			sourceTree = "<group>";
		};
		3E5ED3E329DBB6C100F01CFE /* SwiftUI Basic */ = {
			isa = PBXGroup;
			children = (
				3E5ED3E429DBB6C100F01CFE /* SwiftUI_BasicApp.swift */,
				3E5ED3E629DBB6C100F01CFE /* Binding.swift */,
				3E5ED3F229DBB7C200F01CFE /* BindingChild.swift */,
				3E5ED3F429DBC34D00F01CFE /* Conditional.swift */,
				3E5ED3F629DBC82400F01CFE /* TernaryBasic.swift */,
				3E5ED3F829DBF9E500F01CFE /* Animation.swift */,
				3E5ED3FA29DC2E2200F01CFE /* Transition.swift */,
				3E5ED3E829DBB6C200F01CFE /* Assets.xcassets */,
				3E5ED3EA29DBB6C200F01CFE /* Preview Content */,
			);
			path = "SwiftUI Basic";
			sourceTree = "<group>";
		};
		3E5ED3EA29DBB6C200F01CFE /* Preview Content */ = {
			isa = PBXGroup;
			children = (
				3E5ED3EB29DBB6C200F01CFE /* Preview Assets.xcassets */,
			);
			path = "Preview Content";
			sourceTree = "<group>";
		};
/* End PBXGroup section */

/* Begin PBXNativeTarget section */
		3E5ED3E029DBB6C100F01CFE /* SwiftUI Basic */ = {
			isa = PBXNativeTarget;
			buildConfigurationList = 3E5ED3EF29DBB6C200F01CFE /* Build configuration list for PBXNativeTarget "SwiftUI Basic" */;
			buildPhases = (
				3E5ED3DD29DBB6C100F01CFE /* Sources */,
				3E5ED3DE29DBB6C100F01CFE /* Frameworks */,
				3E5ED3DF29DBB6C100F01CFE /* Resources */,
			);
			buildRules = (
			);
			dependencies = (
			);
			name = "SwiftUI Basic";
			productName = "SwiftUI Basic";
			productReference = 3E5ED3E129DBB6C100F01CFE /* SwiftUI Basic.app */;
			productType = "com.apple.product-type.application";
		};
/* End PBXNativeTarget section */

/* Begin PBXProject section */
		3E5ED3D929DBB6C100F01CFE /* Project object */ = {
			isa = PBXProject;
			attributes = {
				BuildIndependentTargetsInParallel = 1;
				LastSwiftUpdateCheck = 1430;
				LastUpgradeCheck = 1430;
				TargetAttributes = {
					3E5ED3E029DBB6C100F01CFE = {
						CreatedOnToolsVersion = 14.3;
					};
				};
			};
			buildConfigurationList = 3E5ED3DC29DBB6C100F01CFE /* Build configuration list for PBXProject "SwiftUI Basic" */;
			compatibilityVersion = "Xcode 14.0";
			developmentRegion = en;
			hasScannedForEncodings = 0;
			knownRegions = (
				en,
				Base,
			);
			mainGroup = 3E5ED3D829DBB6C100F01CFE;
			productRefGroup = 3E5ED3E229DBB6C100F01CFE /* Products */;
			projectDirPath = "";
			projectRoot = "";
			targets = (
				3E5ED3E029DBB6C100F01CFE /* SwiftUI Basic */,
			);
		};
/* End PBXProject section */

/* Begin PBXResourcesBuildPhase section */
		3E5ED3DF29DBB6C100F01CFE /* Resources */ = {
			isa = PBXResourcesBuildPhase;
			buildActionMask = 2147483647;
			files = (
				3E5ED3EC29DBB6C200F01CFE /* Preview Assets.xcassets in Resources */,
				3E5ED3E929DBB6C200F01CFE /* Assets.xcassets in Resources */,
			);
			runOnlyForDeploymentPostprocessing = 0;
		};
/* End PBXResourcesBuildPhase section */

/* Begin PBXSourcesBuildPhase section */
		3E5ED3DD29DBB6C100F01CFE /* Sources */ = {
			isa = PBXSourcesBuildPhase;
			buildActionMask = 2147483647;
			files = (
				3E5ED3FB29DC2E2200F01CFE /* Transition.swift in Sources */,
				3E5ED3F729DBC82400F01CFE /* TernaryBasic.swift in Sources */,
				3E5ED3F529DBC34D00F01CFE /* Conditional.swift in Sources */,
				3E5ED3E729DBB6C100F01CFE /* Binding.swift in Sources */,
				3E5ED3E529DBB6C100F01CFE /* SwiftUI_BasicApp.swift in Sources */,
				3E5ED3F929DBF9E500F01CFE /* Animation.swift in Sources */,
				3E5ED3F329DBB7C200F01CFE /* BindingChild.swift in Sources */,
			);
			runOnlyForDeploymentPostprocessing = 0;
		};
/* End PBXSourcesBuildPhase section */

/* Begin XCBuildConfiguration section */
		3E5ED3ED29DBB6C200F01CFE /* Debug */ = {
			isa = XCBuildConfiguration;
			buildSettings = {
				ALWAYS_SEARCH_USER_PATHS = NO;
				CLANG_ANALYZER_NONNULL = YES;
				CLANG_ANALYZER_NUMBER_OBJECT_CONVERSION = YES_AGGRESSIVE;
				CLANG_CXX_LANGUAGE_STANDARD = "gnu++20";
				CLANG_ENABLE_MODULES = YES;
				CLANG_ENABLE_OBJC_ARC = YES;
				CLANG_ENABLE_OBJC_WEAK = YES;
				CLANG_WARN_BLOCK_CAPTURE_AUTORELEASING = YES;
				CLANG_WARN_BOOL_CONVERSION = YES;
				CLANG_WARN_COMMA = YES;
				CLANG_WARN_CONSTANT_CONVERSION = YES;
				CLANG_WARN_DEPRECATED_OBJC_IMPLEMENTATIONS = YES;
				CLANG_WARN_DIRECT_OBJC_ISA_USAGE = YES_ERROR;
				CLANG_WARN_DOCUMENTATION_COMMENTS = YES;
				CLANG_WARN_EMPTY_BODY = YES;
				CLANG_WARN_ENUM_CONVERSION = YES;
				CLANG_WARN_INFINITE_RECURSION = YES;
				CLANG_WARN_INT_CONVERSION = YES;
				CLANG_WARN_NON_LITERAL_NULL_CONVERSION = YES;
				CLANG_WARN_OBJC_IMPLICIT_RETAIN_SELF = YES;
				CLANG_WARN_OBJC_LITERAL_CONVERSION = YES;
				CLANG_WARN_OBJC_ROOT_CLASS = YES_ERROR;
				CLANG_WARN_QUOTED_INCLUDE_IN_FRAMEWORK_HEADER = YES;
				CLANG_WARN_RANGE_LOOP_ANALYSIS = YES;
				CLANG_WARN_STRICT_PROTOTYPES = YES;
				CLANG_WARN_SUSPICIOUS_MOVE = YES;
				CLANG_WARN_UNGUARDED_AVAILABILITY = YES_AGGRESSIVE;
				CLANG_WARN_UNREACHABLE_CODE = YES;
				CLANG_WARN__DUPLICATE_METHOD_MATCH = YES;
				COPY_PHASE_STRIP = NO;
				DEBUG_INFORMATION_FORMAT = dwarf;
				ENABLE_STRICT_OBJC_MSGSEND = YES;
				ENABLE_TESTABILITY = YES;
				GCC_C_LANGUAGE_STANDARD = gnu11;
				GCC_DYNAMIC_NO_PIC = NO;
				GCC_NO_COMMON_BLOCKS = YES;
				GCC_OPTIMIZATION_LEVEL = 0;
				GCC_PREPROCESSOR_DEFINITIONS = (
					"DEBUG=1",
					"$(inherited)",
				);
				GCC_WARN_64_TO_32_BIT_CONVERSION = YES;
				GCC_WARN_ABOUT_RETURN_TYPE = YES_ERROR;
				GCC_WARN_UNDECLARED_SELECTOR = YES;
				GCC_WARN_UNINITIALIZED_AUTOS = YES_AGGRESSIVE;
				GCC_WARN_UNUSED_FUNCTION = YES;
				GCC_WARN_UNUSED_VARIABLE = YES;
				IPHONEOS_DEPLOYMENT_TARGET = 16.4;
				MTL_ENABLE_DEBUG_INFO = INCLUDE_SOURCE;
				MTL_FAST_MATH = YES;
				ONLY_ACTIVE_ARCH = YES;
				SDKROOT = iphoneos;
				SWIFT_ACTIVE_COMPILATION_CONDITIONS = DEBUG;
				SWIFT_OPTIMIZATION_LEVEL = "-Onone";
			};
			name = Debug;
		};
		3E5ED3EE29DBB6C200F01CFE /* Release */ = {
			isa = XCBuildConfiguration;
			buildSettings = {
				ALWAYS_SEARCH_USER_PATHS = NO;
				CLANG_ANALYZER_NONNULL = YES;
				CLANG_ANALYZER_NUMBER_OBJECT_CONVERSION = YES_AGGRESSIVE;
				CLANG_CXX_LANGUAGE_STANDARD = "gnu++20";
				CLANG_ENABLE_MODULES = YES;
				CLANG_ENABLE_OBJC_ARC = YES;
				CLANG_ENABLE_OBJC_WEAK = YES;
				CLANG_WARN_BLOCK_CAPTURE_AUTORELEASING = YES;
				CLANG_WARN_BOOL_CONVERSION = YES;
				CLANG_WARN_COMMA = YES;
				CLANG_WARN_CONSTANT_CONVERSION = YES;
				CLANG_WARN_DEPRECATED_OBJC_IMPLEMENTATIONS = YES;
				CLANG_WARN_DIRECT_OBJC_ISA_USAGE = YES_ERROR;
				CLANG_WARN_DOCUMENTATION_COMMENTS = YES;
				CLANG_WARN_EMPTY_BODY = YES;
				CLANG_WARN_ENUM_CONVERSION = YES;
				CLANG_WARN_INFINITE_RECURSION = YES;
				CLANG_WARN_INT_CONVERSION = YES;
				CLANG_WARN_NON_LITERAL_NULL_CONVERSION = YES;
				CLANG_WARN_OBJC_IMPLICIT_RETAIN_SELF = YES;
				CLANG_WARN_OBJC_LITERAL_CONVERSION = YES;
				CLANG_WARN_OBJC_ROOT_CLASS = YES_ERROR;
				CLANG_WARN_QUOTED_INCLUDE_IN_FRAMEWORK_HEADER = YES;
				CLANG_WARN_RANGE_LOOP_ANALYSIS = YES;
				CLANG_WARN_STRICT_PROTOTYPES = YES;
				CLANG_WARN_SUSPICIOUS_MOVE = YES;
				CLANG_WARN_UNGUARDED_AVAILABILITY = YES_AGGRESSIVE;
				CLANG_WARN_UNREACHABLE_CODE = YES;
				CLANG_WARN__DUPLICATE_METHOD_MATCH = YES;
				COPY_PHASE_STRIP = NO;
				DEBUG_INFORMATION_FORMAT = "dwarf-with-dsym";
				ENABLE_NS_ASSERTIONS = NO;
				ENABLE_STRICT_OBJC_MSGSEND = YES;
				GCC_C_LANGUAGE_STANDARD = gnu11;
				GCC_NO_COMMON_BLOCKS = YES;
				GCC_WARN_64_TO_32_BIT_CONVERSION = YES;
				GCC_WARN_ABOUT_RETURN_TYPE = YES_ERROR;
				GCC_WARN_UNDECLARED_SELECTOR = YES;
				GCC_WARN_UNINITIALIZED_AUTOS = YES_AGGRESSIVE;
				GCC_WARN_UNUSED_FUNCTION = YES;
				GCC_WARN_UNUSED_VARIABLE = YES;
				IPHONEOS_DEPLOYMENT_TARGET = 16.4;
				MTL_ENABLE_DEBUG_INFO = NO;
				MTL_FAST_MATH = YES;
				SDKROOT = iphoneos;
				SWIFT_COMPILATION_MODE = wholemodule;
				SWIFT_OPTIMIZATION_LEVEL = "-O";
				VALIDATE_PRODUCT = YES;
			};
			name = Release;
		};
		3E5ED3F029DBB6C200F01CFE /* Debug */ = {
			isa = XCBuildConfiguration;
			buildSettings = {
				ASSETCATALOG_COMPILER_APPICON_NAME = AppIcon;
				ASSETCATALOG_COMPILER_GLOBAL_ACCENT_COLOR_NAME = AccentColor;
				CODE_SIGN_STYLE = Automatic;
				CURRENT_PROJECT_VERSION = 1;
				DEVELOPMENT_ASSET_PATHS = "\"SwiftUI Basic/Preview Content\"";
				DEVELOPMENT_TEAM = GZMCL5Q7N2;
				ENABLE_PREVIEWS = YES;
				GENERATE_INFOPLIST_FILE = YES;
				INFOPLIST_KEY_UIApplicationSceneManifest_Generation = YES;
				INFOPLIST_KEY_UIApplicationSupportsIndirectInputEvents = YES;
				INFOPLIST_KEY_UILaunchScreen_Generation = YES;
				INFOPLIST_KEY_UISupportedInterfaceOrientations_iPad = "UIInterfaceOrientationPortrait UIInterfaceOrientationPortraitUpsideDown UIInterfaceOrientationLandscapeLeft UIInterfaceOrientationLandscapeRight";
				INFOPLIST_KEY_UISupportedInterfaceOrientations_iPhone = "UIInterfaceOrientationPortrait UIInterfaceOrientationLandscapeLeft UIInterfaceOrientationLandscapeRight";
				LD_RUNPATH_SEARCH_PATHS = (
					"$(inherited)",
					"@executable_path/Frameworks",
				);
				MARKETING_VERSION = 1.0;
				PRODUCT_BUNDLE_IDENTIFIER = "com.bokyung.SwiftUI-Basic";
				PRODUCT_NAME = "$(TARGET_NAME)";
				SWIFT_EMIT_LOC_STRINGS = YES;
				SWIFT_VERSION = 5.0;
				TARGETED_DEVICE_FAMILY = "1,2";
			};
			name = Debug;
		};
		3E5ED3F129DBB6C200F01CFE /* Release */ = {
			isa = XCBuildConfiguration;
			buildSettings = {
				ASSETCATALOG_COMPILER_APPICON_NAME = AppIcon;
				ASSETCATALOG_COMPILER_GLOBAL_ACCENT_COLOR_NAME = AccentColor;
				CODE_SIGN_STYLE = Automatic;
				CURRENT_PROJECT_VERSION = 1;
				DEVELOPMENT_ASSET_PATHS = "\"SwiftUI Basic/Preview Content\"";
				DEVELOPMENT_TEAM = GZMCL5Q7N2;
				ENABLE_PREVIEWS = YES;
				GENERATE_INFOPLIST_FILE = YES;
				INFOPLIST_KEY_UIApplicationSceneManifest_Generation = YES;
				INFOPLIST_KEY_UIApplicationSupportsIndirectInputEvents = YES;
				INFOPLIST_KEY_UILaunchScreen_Generation = YES;
				INFOPLIST_KEY_UISupportedInterfaceOrientations_iPad = "UIInterfaceOrientationPortrait UIInterfaceOrientationPortraitUpsideDown UIInterfaceOrientationLandscapeLeft UIInterfaceOrientationLandscapeRight";
				INFOPLIST_KEY_UISupportedInterfaceOrientations_iPhone = "UIInterfaceOrientationPortrait UIInterfaceOrientationLandscapeLeft UIInterfaceOrientationLandscapeRight";
				LD_RUNPATH_SEARCH_PATHS = (
					"$(inherited)",
					"@executable_path/Frameworks",
				);
				MARKETING_VERSION = 1.0;
				PRODUCT_BUNDLE_IDENTIFIER = "com.bokyung.SwiftUI-Basic";
				PRODUCT_NAME = "$(TARGET_NAME)";
				SWIFT_EMIT_LOC_STRINGS = YES;
				SWIFT_VERSION = 5.0;
				TARGETED_DEVICE_FAMILY = "1,2";
			};
			name = Release;
		};
/* End XCBuildConfiguration section */

/* Begin XCConfigurationList section */
		3E5ED3DC29DBB6C100F01CFE /* Build configuration list for PBXProject "SwiftUI Basic" */ = {
			isa = XCConfigurationList;
			buildConfigurations = (
				3E5ED3ED29DBB6C200F01CFE /* Debug */,
				3E5ED3EE29DBB6C200F01CFE /* Release */,
			);
			defaultConfigurationIsVisible = 0;
			defaultConfigurationName = Release;
		};
		3E5ED3EF29DBB6C200F01CFE /* Build configuration list for PBXNativeTarget "SwiftUI Basic" */ = {
			isa = XCConfigurationList;
			buildConfigurations = (
				3E5ED3F029DBB6C200F01CFE /* Debug */,
				3E5ED3F129DBB6C200F01CFE /* Release */,
			);
			defaultConfigurationIsVisible = 0;
			defaultConfigurationName = Release;
		};
/* End XCConfigurationList section */
	};
	rootObject = 3E5ED3D929DBB6C100F01CFE /* Project object */;
}
